
Microsoft Visual Studio Solution File, Format Version 11.00
# Visual Studio 2010
Project("{FAE04EC0-301F-11D3-BF4B-00C04F79EFBC}") = "Assembly-CSharp", "Assembly-CSharp.csproj", "{7ac8f1e8-a8a2-b889-e358-f2107a11bddb}"
EndProject
Project("{FAE04EC0-301F-11D3-BF4B-00C04F79EFBC}") = "Assembly-CSharp-Editor", "Assembly-CSharp-Editor.csproj", "{6eadbe96-9019-79aa-3ab4-3c6cb9811dc1}"
EndProject
Global
	GlobalSection(SolutionConfigurationPlatforms) = preSolution
		Debug|Any CPU = Debug|Any CPU
	EndGlobalSection
	GlobalSection(ProjectConfigurationPlatforms) = postSolution
		{7ac8f1e8-a8a2-b889-e358-f2107a11bddb}.Debug|Any CPU.ActiveCfg = Debug|Any CPU
		{7ac8f1e8-a8a2-b889-e358-f2107a11bddb}.Debug|Any CPU.Build.0 = Debug|Any CPU
		{6eadbe96-9019-79aa-3ab4-3c6cb9811dc1}.Debug|Any CPU.ActiveCfg = Debug|Any CPU
		{6eadbe96-9019-79aa-3ab4-3c6cb9811dc1}.Debug|Any CPU.Build.0 = Debug|Any CPU
	EndGlobalSection
	GlobalSection(SolutionProperties) = preSolution
		HideSolutionNode = FALSE
	EndGlobalSection
EndGlobal
